// !$*UTF8*$!
{
	archiveVersion = 1;
	classes = {
	};
	objectVersion = 77;
	objects = {

/* Begin PBXBuildFile section */
		PK01CCCCCCCCCCCCCCCCCCCC /* PeakmonCore in Frameworks */ = {isa = PBXBuildFile; productRef = PK01BBBBBBBBBBBBBBBBBBBB /* PeakmonCore */; };
		PK02CCCCCCCCCCCCCCCCCCCC /* PeakmonCollectors in Frameworks */ = {isa = PBXBuildFile; productRef = PK02BBBBBBBBBBBBBBBBBBBB /* PeakmonCollectors */; };
		PK05CCCCCCCCCCCCCCCCCCCC /* PeakmonUI in Frameworks */ = {isa = PBXBuildFile; productRef = PK05BBBBBBBBBBBBBBBBBBBB /* PeakmonUI */; };
/* End PBXBuildFile section */

/* Begin PBXFileReference section */
		A6061C262FB9F1D700BC977E /* Peakmon.app */ = {isa = PBXFileReference; explicitFileType = wrapper.application; includeInIndex = 0; path = Peakmon.app; sourceTree = BUILT_PRODUCTS_DIR; };
/* End PBXFileReference section */

/* Begin PBXFileSystemSynchronizedRootGroup section */
		A6061C282FB9F1D700BC977E /* Peakmon */ = {
			isa = PBXFileSystemSynchronizedRootGroup;
			path = Peakmon;
			sourceTree = "<group>";
		};
/* End PBXFileSystemSynchronizedRootGroup section */

/* Begin PBXFrameworksBuildPhase section */
		A6061C232FB9F1D700BC977E /* Frameworks */ = {
			isa = PBXFrameworksBuildPhase;
			buildActionMask = 2147483647;
			files = (
				PK01CCCCCCCCCCCCCCCCCCCC /* PeakmonCore in Frameworks */,
				PK02CCCCCCCCCCCCCCCCCCCC /* PeakmonCollectors in Frameworks */,
				PK05CCCCCCCCCCCCCCCCCCCC /* PeakmonUI in Frameworks */,
			);
			runOnlyForDeploymentPostprocessing = 0;
		};
/* End PBXFrameworksBuildPhase section */

/* Begin PBXGroup section */
		A6061C1D2FB9F1D700BC977E = {
			isa = PBXGroup;
			children = (
				A6061C282FB9F1D700BC977E /* Peakmon */,
				A6061C272FB9F1D700BC977E /* Products */,
			);
			sourceTree = "<group>";
		};
		A6061C272FB9F1D700BC977E /* Products */ = {
			isa = PBXGroup;
			children = (
				A6061C262FB9F1D700BC977E /* Peakmon.app */,
			);
			name = Products;
			sourceTree = "<group>";
		};
/* End PBXGroup section */

/* Begin PBXNativeTarget section */
		A6061C252FB9F1D700BC977E /* Peakmon */ = {
			isa = PBXNativeTarget;
			buildConfigurationList = A6061C312FB9F1D800BC977E /* Build configuration list for PBXNativeTarget "Peakmon" */;
			buildPhases = (
				A6061C222FB9F1D700BC977E /* Sources */,
				A6061C232FB9F1D700BC977E /* Frameworks */,
				A6061C242FB9F1D700BC977E /* Resources */,
			);
			buildRules = (
			);
			dependencies = (
			);
			fileSystemSynchronizedGroups = (
				A6061C282FB9F1D700BC977E /* Peakmon */,
			);
			name = Peakmon;
			packageProductDependencies = (
				PK01BBBBBBBBBBBBBBBBBBBB /* PeakmonCore */,
				PK02BBBBBBBBBBBBBBBBBBBB /* PeakmonCollectors */,
				PK05BBBBBBBBBBBBBBBBBBBB /* PeakmonUI */,
			);
			productName = Peakmon;
			productReference = A6061C262FB9F1D700BC977E /* Peakmon.app */;
			productType = "com.apple.product-type.application";
		};
/* End PBXNativeTarget section */

/* Begin PBXProject section */
		A6061C1E2FB9F1D700BC977E /* Project object */ = {
			isa = PBXProject;
			attributes = {
				BuildIndependentTargetsInParallel = 1;
				LastSwiftUpdateCheck = 2640;
				LastUpgradeCheck = 2640;
				TargetAttributes = {
					A6061C252FB9F1D700BC977E = {
						CreatedOnToolsVersion = 26.4.1;
					};
				};
			};
			buildConfigurationList = A6061C212FB9F1D700BC977E /* Build configuration list for PBXProject "Peakmon" */;
			developmentRegion = en;
			hasScannedForEncodings = 0;
			knownRegions = (
				en,
				Base,
			);
			mainGroup = A6061C1D2FB9F1D700BC977E;
			minimizedProjectReferenceProxies = 1;
			packageReferences = (
				PK01AAAAAAAAAAAAAAAAAAAA /* XCLocalSwiftPackageReference "Packages/PeakmonCore" */,
				PK02AAAAAAAAAAAAAAAAAAAA /* XCLocalSwiftPackageReference "Packages/PeakmonCollectors" */,
				PK05AAAAAAAAAAAAAAAAAAAA /* XCLocalSwiftPackageReference "Packages/PeakmonUI" */,
			);
			preferredProjectObjectVersion = 77;
			productRefGroup = A6061C272FB9F1D700BC977E /* Products */;
			projectDirPath = "";
			projectRoot = "";
			targets = (
				A6061C252FB9F1D700BC977E /* Peakmon */,
			);
		};
/* End PBXProject section */

/* Begin PBXResourcesBuildPhase section */
		A6061C242FB9F1D700BC977E /* Resources */ = {
			isa = PBXResourcesBuildPhase;
			buildActionMask = 2147483647;
			files = (
			);
			runOnlyForDeploymentPostprocessing = 0;
		};
/* End PBXResourcesBuildPhase section */

/* Begin PBXSourcesBuildPhase section */
		A6061C222FB9F1D700BC977E /* Sources */ = {
			isa = PBXSourcesBuildPhase;
			buildActionMask = 2147483647;
			files = (
			);
			runOnlyForDeploymentPostprocessing = 0;
		};
/* End PBXSourcesBuildPhase section */

/* Begin XCBuildConfiguration section */
		A6061C2F2FB9F1D800BC977E /* Debug */ = {
			isa = XCBuildConfiguration;
			buildSettings = {
				ALWAYS_SEARCH_USER_PATHS = NO;
				ASSETCATALOG_COMPILER_GENERATE_SWIFT_ASSET_SYMBOL_EXTENSIONS = YES;
				CLANG_ANALYZER_NONNULL = YES;
				CLANG_ANALYZER_NUMBER_OBJECT_CONVERSION = YES_AGGRESSIVE;
				CLANG_CXX_LANGUAGE_STANDARD = "gnu++20";
				CLANG_ENABLE_MODULES = YES;
				CLANG_ENABLE_OBJC_ARC = YES;
				CLANG_ENABLE_OBJC_WEAK = YES;
				CLANG_WARN_BLOCK_CAPTURE_AUTORELEASING = YES;
				CLANG_WARN_BOOL_CONVERSION = YES;
				CLANG_WARN_COMMA = YES;
				CLANG_WARN_CONSTANT_CONVERSION = YES;
				CLANG_WARN_DEPRECATED_OBJC_IMPLEMENTATIONS = YES;
				CLANG_WARN_DIRECT_OBJC_ISA_USAGE = YES_ERROR;
				CLANG_WARN_DOCUMENTATION_COMMENTS = YES;
				CLANG_WARN_EMPTY_BODY = YES;
				CLANG_WARN_ENUM_CONVERSION = YES;
				CLANG_WARN_INFINITE_RECURSION = YES;
				CLANG_WARN_INT_CONVERSION = YES;
				CLANG_WARN_NON_LITERAL_NULL_CONVERSION = YES;
				CLANG_WARN_OBJC_IMPLICIT_RETAIN_SELF = YES;
				CLANG_WARN_OBJC_LITERAL_CONVERSION = YES;
				CLANG_WARN_OBJC_ROOT_CLASS = YES_ERROR;
				CLANG_WARN_QUOTED_INCLUDE_IN_FRAMEWORK_HEADER = YES;
				CLANG_WARN_RANGE_LOOP_ANALYSIS = YES;
				CLANG_WARN_STRICT_PROTOTYPES = YES;
				CLANG_WARN_SUSPICIOUS_MOVE = YES;
				CLANG_WARN_UNGUARDED_AVAILABILITY = YES_AGGRESSIVE;
				CLANG_WARN_UNREACHABLE_CODE = YES;
				CLANG_WARN__DUPLICATE_METHOD_MATCH = YES;
				COPY_PHASE_STRIP = NO;
				DEBUG_INFORMATION_FORMAT = dwarf;
				DEVELOPMENT_TEAM = GR2J5L7N2N;
				ENABLE_STRICT_OBJC_MSGSEND = YES;
				ENABLE_TESTABILITY = YES;
				ENABLE_USER_SCRIPT_SANDBOXING = YES;
				GCC_C_LANGUAGE_STANDARD = gnu17;
				GCC_DYNAMIC_NO_PIC = NO;
				GCC_NO_COMMON_BLOCKS = YES;
				GCC_OPTIMIZATION_LEVEL = 0;
				GCC_PREPROCESSOR_DEFINITIONS = (
					"DEBUG=1",
					"$(inherited)",
				);
				GCC_WARN_64_TO_32_BIT_CONVERSION = YES;
				GCC_WARN_ABOUT_RETURN_TYPE = YES_ERROR;
				GCC_WARN_UNDECLARED_SELECTOR = YES;
				GCC_WARN_UNINITIALIZED_AUTOS = YES_AGGRESSIVE;
				GCC_WARN_UNUSED_FUNCTION = YES;
				GCC_WARN_UNUSED_VARIABLE = YES;
				LOCALIZATION_PREFERS_STRING_CATALOGS = YES;
				MACOSX_DEPLOYMENT_TARGET = 14.0;
				MTL_ENABLE_DEBUG_INFO = INCLUDE_SOURCE;
				MTL_FAST_MATH = YES;
				ONLY_ACTIVE_ARCH = YES;
				SDKROOT = macosx;
				SWIFT_ACTIVE_COMPILATION_CONDITIONS = "DEBUG $(inherited)";
				SWIFT_OPTIMIZATION_LEVEL = "-Onone";
			};
			name = Debug;
		};
		A6061C302FB9F1D800BC977E /* Release */ = {
			isa = XCBuildConfiguration;
			buildSettings = {
				ALWAYS_SEARCH_USER_PATHS = NO;
				ASSETCATALOG_COMPILER_GENERATE_SWIFT_ASSET_SYMBOL_EXTENSIONS = YES;
				CLANG_ANALYZER_NONNULL = YES;
				CLANG_ANALYZER_NUMBER_OBJECT_CONVERSION = YES_AGGRESSIVE;
				CLANG_CXX_LANGUAGE_STANDARD = "gnu++20";
				CLANG_ENABLE_MODULES = YES;
				CLANG_ENABLE_OBJC_ARC = YES;
				CLANG_ENABLE_OBJC_WEAK = YES;
				CLANG_WARN_BLOCK_CAPTURE_AUTORELEASING = YES;
				CLANG_WARN_BOOL_CONVERSION = YES;
				CLANG_WARN_COMMA = YES;
				CLANG_WARN_CONSTANT_CONVERSION = YES;
				CLANG_WARN_DEPRECATED_OBJC_IMPLEMENTATIONS = YES;
				CLANG_WARN_DIRECT_OBJC_ISA_USAGE = YES_ERROR;
				CLANG_WARN_DOCUMENTATION_COMMENTS = YES;
				CLANG_WARN_EMPTY_BODY = YES;
				CLANG_WARN_ENUM_CONVERSION = YES;
				CLANG_WARN_INFINITE_RECURSION = YES;
				CLANG_WARN_INT_CONVERSION = YES;
				CLANG_WARN_NON_LITERAL_NULL_CONVERSION = YES;
				CLANG_WARN_OBJC_IMPLICIT_RETAIN_SELF = YES;
				CLANG_WARN_OBJC_LITERAL_CONVERSION = YES;
				CLANG_WARN_OBJC_ROOT_CLASS = YES_ERROR;
				CLANG_WARN_QUOTED_INCLUDE_IN_FRAMEWORK_HEADER = YES;
				CLANG_WARN_RANGE_LOOP_ANALYSIS = YES;
				CLANG_WARN_STRICT_PROTOTYPES = YES;
				CLANG_WARN_SUSPICIOUS_MOVE = YES;
				CLANG_WARN_UNGUARDED_AVAILABILITY = YES_AGGRESSIVE;
				CLANG_WARN_UNREACHABLE_CODE = YES;
				CLANG_WARN__DUPLICATE_METHOD_MATCH = YES;
				COPY_PHASE_STRIP = NO;
				DEBUG_INFORMATION_FORMAT = "dwarf-with-dsym";
				DEVELOPMENT_TEAM = GR2J5L7N2N;
				ENABLE_NS_ASSERTIONS = NO;
				ENABLE_STRICT_OBJC_MSGSEND = YES;
				ENABLE_USER_SCRIPT_SANDBOXING = YES;
				GCC_C_LANGUAGE_STANDARD = gnu17;
				GCC_NO_COMMON_BLOCKS = YES;
				GCC_WARN_64_TO_32_BIT_CONVERSION = YES;
				GCC_WARN_ABOUT_RETURN_TYPE = YES_ERROR;
				GCC_WARN_UNDECLARED_SELECTOR = YES;
				GCC_WARN_UNINITIALIZED_AUTOS = YES_AGGRESSIVE;
				GCC_WARN_UNUSED_FUNCTION = YES;
				GCC_WARN_UNUSED_VARIABLE = YES;
				LOCALIZATION_PREFERS_STRING_CATALOGS = YES;
				MACOSX_DEPLOYMENT_TARGET = 14.0;
				MTL_ENABLE_DEBUG_INFO = NO;
				MTL_FAST_MATH = YES;
				SDKROOT = macosx;
				SWIFT_COMPILATION_MODE = wholemodule;
			};
			name = Release;
		};
		A6061C322FB9F1D800BC977E /* Debug */ = {
			isa = XCBuildConfiguration;
			buildSettings = {
				ASSETCATALOG_COMPILER_APPICON_NAME = AppIcon;
				ASSETCATALOG_COMPILER_GLOBAL_ACCENT_COLOR_NAME = AccentColor;
				"CODE_SIGN_IDENTITY[sdk=macosx*]" = "-";
				CODE_SIGN_STYLE = Automatic;
				COMBINE_HIDPI_IMAGES = YES;
				CURRENT_PROJECT_VERSION = 20260609;
				DEVELOPMENT_TEAM = GR2J5L7N2N;
				ENABLE_APP_SANDBOX = NO;
				ENABLE_HARDENED_RUNTIME = YES;
				ENABLE_PREVIEWS = YES;
				ENABLE_USER_SELECTED_FILES = readonly;
				GENERATE_INFOPLIST_FILE = YES;
				INFOPLIST_KEY_LSUIElement = YES;
				INFOPLIST_KEY_NSHumanReadableCopyright = "";
				LD_RUNPATH_SEARCH_PATHS = (
					"$(inherited)",
					"@executable_path/../Frameworks",
				);
				MARKETING_VERSION = 1.4.0;
				PRODUCT_BUNDLE_IDENTIFIER = com.crafcat7.Peakmon;
				PRODUCT_NAME = "$(TARGET_NAME)";
				REGISTER_APP_GROUPS = YES;
				STRING_CATALOG_GENERATE_SYMBOLS = YES;
				SWIFT_APPROACHABLE_CONCURRENCY = YES;
				SWIFT_DEFAULT_ACTOR_ISOLATION = MainActor;
				SWIFT_EMIT_LOC_STRINGS = YES;
				SWIFT_UPCOMING_FEATURE_MEMBER_IMPORT_VISIBILITY = YES;
				SWIFT_VERSION = 5.0;
			};
			name = Debug;
		};
		A6061C332FB9F1D800BC977E /* Release */ = {
			isa = XCBuildConfiguration;
			buildSettings = {
				ASSETCATALOG_COMPILER_APPICON_NAME = AppIcon;
				ASSETCATALOG_COMPILER_GLOBAL_ACCENT_COLOR_NAME = AccentColor;
				"CODE_SIGN_IDENTITY[sdk=macosx*]" = "-";
				CODE_SIGN_STYLE = Automatic;
				COMBINE_HIDPI_IMAGES = YES;
				CURRENT_PROJECT_VERSION = 20260609;
				DEVELOPMENT_TEAM = GR2J5L7N2N;
				ENABLE_APP_SANDBOX = NO;
				ENABLE_HARDENED_RUNTIME = YES;
				ENABLE_PREVIEWS = YES;
				ENABLE_USER_SELECTED_FILES = readonly;
				GENERATE_INFOPLIST_FILE = YES;
				INFOPLIST_KEY_LSUIElement = YES;
				INFOPLIST_KEY_NSHumanReadableCopyright = "";
				LD_RUNPATH_SEARCH_PATHS = (
					"$(inherited)",
					"@executable_path/../Frameworks",
				);
				MARKETING_VERSION = 1.4.0;
				PRODUCT_BUNDLE_IDENTIFIER = com.crafcat7.Peakmon;
				PRODUCT_NAME = "$(TARGET_NAME)";
				REGISTER_APP_GROUPS = YES;
				STRING_CATALOG_GENERATE_SYMBOLS = YES;
				SWIFT_APPROACHABLE_CONCURRENCY = YES;
				SWIFT_DEFAULT_ACTOR_ISOLATION = MainActor;
				SWIFT_EMIT_LOC_STRINGS = YES;
				SWIFT_UPCOMING_FEATURE_MEMBER_IMPORT_VISIBILITY = YES;
				SWIFT_VERSION = 5.0;
			};
			name = Release;
		};
/* End XCBuildConfiguration section */

/* Begin XCConfigurationList section */
		A6061C212FB9F1D700BC977E /* Build configuration list for PBXProject "Peakmon" */ = {
			isa = XCConfigurationList;
			buildConfigurations = (
				A6061C2F2FB9F1D800BC977E /* Debug */,
				A6061C302FB9F1D800BC977E /* Release */,
			);
			defaultConfigurationIsVisible = 0;
			defaultConfigurationName = Release;
		};
		A6061C312FB9F1D800BC977E /* Build configuration list for PBXNativeTarget "Peakmon" */ = {
			isa = XCConfigurationList;
			buildConfigurations = (
				A6061C322FB9F1D800BC977E /* Debug */,
				A6061C332FB9F1D800BC977E /* Release */,
			);
			defaultConfigurationIsVisible = 0;
			defaultConfigurationName = Release;
		};
/* End XCConfigurationList section */

/* Begin XCLocalSwiftPackageReference section */
		PK01AAAAAAAAAAAAAAAAAAAA /* XCLocalSwiftPackageReference "Packages/PeakmonCore" */ = {
			isa = XCLocalSwiftPackageReference;
			relativePath = Packages/PeakmonCore;
		};
		PK02AAAAAAAAAAAAAAAAAAAA /* XCLocalSwiftPackageReference "Packages/PeakmonCollectors" */ = {
			isa = XCLocalSwiftPackageReference;
			relativePath = Packages/PeakmonCollectors;
		};
		PK05AAAAAAAAAAAAAAAAAAAA /* XCLocalSwiftPackageReference "Packages/PeakmonUI" */ = {
			isa = XCLocalSwiftPackageReference;
			relativePath = Packages/PeakmonUI;
		};
/* End XCLocalSwiftPackageReference section */

/* Begin XCSwiftPackageProductDependency section */
		PK01BBBBBBBBBBBBBBBBBBBB /* PeakmonCore */ = {
			isa = XCSwiftPackageProductDependency;
			productName = PeakmonCore;
		};
		PK02BBBBBBBBBBBBBBBBBBBB /* PeakmonCollectors */ = {
			isa = XCSwiftPackageProductDependency;
			productName = PeakmonCollectors;
		};
		PK05BBBBBBBBBBBBBBBBBBBB /* PeakmonUI */ = {
			isa = XCSwiftPackageProductDependency;
			productName = PeakmonUI;
		};
/* End XCSwiftPackageProductDependency section */
	};
	rootObject = A6061C1E2FB9F1D700BC977E /* Project object */;
}
